
Microsoft Visual Studio Solution File, Format Version 12.00
Project("{2150E333-8FDC-42A3-9474-1A3956D46DE8}") = "DataProviders", "DataProviders", "{0AC48BF5-CED9-4CA0-B358-3F6756F47B5B}"
EndProject
Project("{2150E333-8FDC-42A3-9474-1A3956D46DE8}") = "Domain", "Domain", "{439C1A0D-B8F1-4BD4-8FD6-88895E1195B8}"
EndProject
Project("{2150E333-8FDC-42A3-9474-1A3956D46DE8}") = "EntryPoints", "EntryPoints", "{5DE02C91-9CDF-4B21-A340-F5AC3EF01405}"
EndProject
Project("{2150E333-8FDC-42A3-9474-1A3956D46DE8}") = "UnitTests", "UnitTests", "{CF807A1D-07D9-4C21-9CFB-7019293CA05D}"
EndProject
Project("{FAE04EC0-301F-11D3-BF4B-00C04F79EFBC}") = "UniversiteDomain", "UniversiteDomain\UniversiteDomain.csproj", "{58F4986C-A6F9-4507-B0CB-BCE362EDBE3A}"
EndProject
Project("{FAE04EC0-301F-11D3-BF4B-00C04F79EFBC}") = "UniversiteDomainUnitTest", "UniversiteDomainUnitTest\UniversiteDomainUnitTest.csproj", "{1558A05D-51C7-446F-BE5F-90A64D85A8CF}"
EndProject
Global
	GlobalSection(SolutionConfigurationPlatforms) = preSolution
		Debug|Any CPU = Debug|Any CPU
		Release|Any CPU = Release|Any CPU
	EndGlobalSection
	GlobalSection(NestedProjects) = preSolution
		{58F4986C-A6F9-4507-B0CB-BCE362EDBE3A} = {439C1A0D-B8F1-4BD4-8FD6-88895E1195B8}
		{1558A05D-51C7-446F-BE5F-90A64D85A8CF} = {CF807A1D-07D9-4C21-9CFB-7019293CA05D}
	EndGlobalSection
	GlobalSection(ProjectConfigurationPlatforms) = postSolution
		{58F4986C-A6F9-4507-B0CB-BCE362EDBE3A}.Debug|Any CPU.ActiveCfg = Debug|Any CPU
		{58F4986C-A6F9-4507-B0CB-BCE362EDBE3A}.Debug|Any CPU.Build.0 = Debug|Any CPU
		{58F4986C-A6F9-4507-B0CB-BCE362EDBE3A}.Release|Any CPU.ActiveCfg = Release|Any CPU
		{58F4986C-A6F9-4507-B0CB-BCE362EDBE3A}.Release|Any CPU.Build.0 = Release|Any CPU
		{1558A05D-51C7-446F-BE5F-90A64D85A8CF}.Debug|Any CPU.ActiveCfg = Debug|Any CPU
		{1558A05D-51C7-446F-BE5F-90A64D85A8CF}.Debug|Any CPU.Build.0 = Debug|Any CPU
		{1558A05D-51C7-446F-BE5F-90A64D85A8CF}.Release|Any CPU.ActiveCfg = Release|Any CPU
		{1558A05D-51C7-446F-BE5F-90A64D85A8CF}.Release|Any CPU.Build.0 = Release|Any CPU
	EndGlobalSection
EndGlobal
